Microsoft Visual Studio Solution File, Format Version 12.00
# Visual Studio Version 17
VisualStudioVersion = 17.5.2.0
MinimumVisualStudioVersion = 10.0.40219.1
Project("{FAE04EC0-301F-11D3-BF4B-00C04F79EFBC}") = "ProductTest", "ProductTest.csproj", "{BD58D4DC-881A-0153-BBE1-4C704796E9BE}"
EndProject
Global
	GlobalSection(SolutionConfigurationPlatforms) = preSolution
		Debug|Any CPU = Debug|Any CPU
		Release|Any CPU = Release|Any CPU
	EndGlobalSection
	GlobalSection(ProjectConfigurationPlatforms) = postSolution
		{BD58D4DC-881A-0153-BBE1-4C704796E9BE}.Debug|Any CPU.ActiveCfg = Debug|Any CPU
		{BD58D4DC-881A-0153-BBE1-4C704796E9BE}.Debug|Any CPU.Build.0 = Debug|Any CPU
		{BD58D4DC-881A-0153-BBE1-4C704796E9BE}.Release|Any CPU.ActiveCfg = Release|Any CPU
		{BD58D4DC-881A-0153-BBE1-4C704796E9BE}.Release|Any CPU.Build.0 = Release|Any CPU
	EndGlobalSection
	GlobalSection(SolutionProperties) = preSolution
		HideSolutionNode = FALSE
	EndGlobalSection
	GlobalSection(ExtensibilityGlobals) = postSolution
		SolutionGuid = {FD383720-8863-4441-A112-8C071564B897}
	EndGlobalSection
EndGlobal
